// !$*UTF8*$!
{
	archiveVersion = 1;
	classes = {
	};
	objectVersion = 56;
	objects = {

/* Begin PBXBuildFile section */
		C144261A2EAD2F000017C505 /* HotelApp.swift in Sources */ = {isa = PBXBuildFile; fileRef = C14426192EAD2F000017C505 /* HotelApp.swift */; };
		C144261E2EAD2F000017C505 /* Assets.xcassets in Resources */ = {isa = PBXBuildFile; fileRef = C144261D2EAD2F000017C505 /* Assets.xcassets */; };
		C14426212EAD2F000017C505 /* Preview Assets.xcassets in Resources */ = {isa = PBXBuildFile; fileRef = C14426202EAD2F000017C505 /* Preview Assets.xcassets */; };
		C14426302EB27BF80017C505 /* Customer.swift in Sources */ = {isa = PBXBuildFile; fileRef = C144262F2EB27BF80017C505 /* Customer.swift */; };
		C14426322EB27C3E0017C505 /* Reservation.swift in Sources */ = {isa = PBXBuildFile; fileRef = C14426312EB27C3E0017C505 /* Reservation.swift */; };
		C14426342EB27D610017C505 /* RoomHotel.swift in Sources */ = {isa = PBXBuildFile; fileRef = C14426332EB27D610017C505 /* RoomHotel.swift */; };
		C14426362EB27DDB0017C505 /* Profile.swift in Sources */ = {isa = PBXBuildFile; fileRef = C14426352EB27DDB0017C505 /* Profile.swift */; };
		C14426392EB27E6A0017C505 /* ReservationView.swift in Sources */ = {isa = PBXBuildFile; fileRef = C14426382EB27E6A0017C505 /* ReservationView.swift */; };
		C144263B2EB2849D0017C505 /* ReservationViewModel.swift in Sources */ = {isa = PBXBuildFile; fileRef = C144263A2EB2849D0017C505 /* ReservationViewModel.swift */; };
		C14426412EB6B2F00017C505 /* MainHomeView.swift in Sources */ = {isa = PBXBuildFile; fileRef = C14426402EB6B2F00017C505 /* MainHomeView.swift */; };
		C14426442EB6B3830017C505 /* ProfileView.swift in Sources */ = {isa = PBXBuildFile; fileRef = C14426432EB6B3830017C505 /* ProfileView.swift */; };
		C14426462EB6BD3D0017C505 /* RoomsAvailablesView.swift in Sources */ = {isa = PBXBuildFile; fileRef = C14426452EB6BD3D0017C505 /* RoomsAvailablesView.swift */; };
		C14426482EB6BF090017C505 /* RoomsAvailableViewModel.swift in Sources */ = {isa = PBXBuildFile; fileRef = C14426472EB6BF090017C505 /* RoomsAvailableViewModel.swift */; };
		C144264A2EB6CE640017C505 /* ProfileViewModel.swift in Sources */ = {isa = PBXBuildFile; fileRef = C14426492EB6CE640017C505 /* ProfileViewModel.swift */; };
		C144264D2EB6F5890017C505 /* ReservationsRepository.swift in Sources */ = {isa = PBXBuildFile; fileRef = C144264C2EB6F5890017C505 /* ReservationsRepository.swift */; };
		C14426512EB6F60F0017C505 /* Failure.swift in Sources */ = {isa = PBXBuildFile; fileRef = C14426502EB6F60F0017C505 /* Failure.swift */; };
		C14426582EB6FC5D0017C505 /* MakeReservationsUseCase.swift in Sources */ = {isa = PBXBuildFile; fileRef = C14426572EB6FC5D0017C505 /* MakeReservationsUseCase.swift */; };
		C144265D2EB97CBD0017C505 /* RoomRemoteSourceImpl.swift in Sources */ = {isa = PBXBuildFile; fileRef = C144265C2EB97CBD0017C505 /* RoomRemoteSourceImpl.swift */; };
		C144265F2EB97CD10017C505 /* RoomRemoteSource.swift in Sources */ = {isa = PBXBuildFile; fileRef = C144265E2EB97CD10017C505 /* RoomRemoteSource.swift */; };
		C14426612EB97DBD0017C505 /* RoomRepositoryImpl.swift in Sources */ = {isa = PBXBuildFile; fileRef = C14426602EB97DBD0017C505 /* RoomRepositoryImpl.swift */; };
		C14426632EB97DD90017C505 /* RoomRepository.swift in Sources */ = {isa = PBXBuildFile; fileRef = C14426622EB97DD90017C505 /* RoomRepository.swift */; };
		C14426662EB985430017C505 /* RoomApi.swift in Sources */ = {isa = PBXBuildFile; fileRef = C14426652EB985430017C505 /* RoomApi.swift */; };
		C14426682EB987930017C505 /* GetRoomsAvailables.swift in Sources */ = {isa = PBXBuildFile; fileRef = C14426672EB987930017C505 /* GetRoomsAvailables.swift */; };
		C144266A2EB99DF50017C505 /* Network.swift in Sources */ = {isa = PBXBuildFile; fileRef = C14426692EB99DF50017C505 /* Network.swift */; };
		C144266C2EB99E1A0017C505 /* ApiResponse.swift in Sources */ = {isa = PBXBuildFile; fileRef = C144266B2EB99E1A0017C505 /* ApiResponse.swift */; };
		C144266E2EB99FD20017C505 /* DependencyContainer.swift in Sources */ = {isa = PBXBuildFile; fileRef = C144266D2EB99FD20017C505 /* DependencyContainer.swift */; };
		C14426702EB9A4F00017C505 /* TokenManager.swift in Sources */ = {isa = PBXBuildFile; fileRef = C144266F2EB9A4F00017C505 /* TokenManager.swift */; };
/* End PBXBuildFile section */

/* Begin PBXFileReference section */
		C14426162EAD2F000017C505 /* Hotel.app */ = {isa = PBXFileReference; explicitFileType = wrapper.application; includeInIndex = 0; path = Hotel.app; sourceTree = BUILT_PRODUCTS_DIR; };
		C14426192EAD2F000017C505 /* HotelApp.swift */ = {isa = PBXFileReference; lastKnownFileType = sourcecode.swift; path = HotelApp.swift; sourceTree = "<group>"; };
		C144261D2EAD2F000017C505 /* Assets.xcassets */ = {isa = PBXFileReference; lastKnownFileType = folder.assetcatalog; path = Assets.xcassets; sourceTree = "<group>"; };
		C14426202EAD2F000017C505 /* Preview Assets.xcassets */ = {isa = PBXFileReference; lastKnownFileType = folder.assetcatalog; path = "Preview Assets.xcassets"; sourceTree = "<group>"; };
		C144262F2EB27BF80017C505 /* Customer.swift */ = {isa = PBXFileReference; lastKnownFileType = sourcecode.swift; path = Customer.swift; sourceTree = "<group>"; };
		C14426312EB27C3E0017C505 /* Reservation.swift */ = {isa = PBXFileReference; lastKnownFileType = sourcecode.swift; path = Reservation.swift; sourceTree = "<group>"; };
		C14426332EB27D610017C505 /* RoomHotel.swift */ = {isa = PBXFileReference; lastKnownFileType = sourcecode.swift; path = RoomHotel.swift; sourceTree = "<group>"; };
		C14426352EB27DDB0017C505 /* Profile.swift */ = {isa = PBXFileReference; lastKnownFileType = sourcecode.swift; path = Profile.swift; sourceTree = "<group>"; };
		C14426382EB27E6A0017C505 /* ReservationView.swift */ = {isa = PBXFileReference; lastKnownFileType = sourcecode.swift; path = ReservationView.swift; sourceTree = "<group>"; };
		C144263A2EB2849D0017C505 /* ReservationViewModel.swift */ = {isa = PBXFileReference; lastKnownFileType = sourcecode.swift; path = ReservationViewModel.swift; sourceTree = "<group>"; };
		C14426402EB6B2F00017C505 /* MainHomeView.swift */ = {isa = PBXFileReference; lastKnownFileType = sourcecode.swift; path = MainHomeView.swift; sourceTree = "<group>"; };
		C14426432EB6B3830017C505 /* ProfileView.swift */ = {isa = PBXFileReference; lastKnownFileType = sourcecode.swift; path = ProfileView.swift; sourceTree = "<group>"; };
		C14426452EB6BD3D0017C505 /* RoomsAvailablesView.swift */ = {isa = PBXFileReference; lastKnownFileType = sourcecode.swift; path = RoomsAvailablesView.swift; sourceTree = "<group>"; };
		C14426472EB6BF090017C505 /* RoomsAvailableViewModel.swift */ = {isa = PBXFileReference; lastKnownFileType = sourcecode.swift; path = RoomsAvailableViewModel.swift; sourceTree = "<group>"; };
		C14426492EB6CE640017C505 /* ProfileViewModel.swift */ = {isa = PBXFileReference; lastKnownFileType = sourcecode.swift; path = ProfileViewModel.swift; sourceTree = "<group>"; };
		C144264C2EB6F5890017C505 /* ReservationsRepository.swift */ = {isa = PBXFileReference; lastKnownFileType = sourcecode.swift; path = ReservationsRepository.swift; sourceTree = "<group>"; };
		C14426502EB6F60F0017C505 /* Failure.swift */ = {isa = PBXFileReference; lastKnownFileType = sourcecode.swift; path = Failure.swift; sourceTree = "<group>"; };
		C14426572EB6FC5D0017C505 /* MakeReservationsUseCase.swift */ = {isa = PBXFileReference; lastKnownFileType = sourcecode.swift; path = MakeReservationsUseCase.swift; sourceTree = "<group>"; };
		C144265C2EB97CBD0017C505 /* RoomRemoteSourceImpl.swift */ = {isa = PBXFileReference; lastKnownFileType = sourcecode.swift; path = RoomRemoteSourceImpl.swift; sourceTree = "<group>"; };
		C144265E2EB97CD10017C505 /* RoomRemoteSource.swift */ = {isa = PBXFileReference; lastKnownFileType = sourcecode.swift; path = RoomRemoteSource.swift; sourceTree = "<group>"; };
		C14426602EB97DBD0017C505 /* RoomRepositoryImpl.swift */ = {isa = PBXFileReference; lastKnownFileType = sourcecode.swift; path = RoomRepositoryImpl.swift; sourceTree = "<group>"; };
		C14426622EB97DD90017C505 /* RoomRepository.swift */ = {isa = PBXFileReference; lastKnownFileType = sourcecode.swift; path = RoomRepository.swift; sourceTree = "<group>"; };
		C14426652EB985430017C505 /* RoomApi.swift */ = {isa = PBXFileReference; lastKnownFileType = sourcecode.swift; path = RoomApi.swift; sourceTree = "<group>"; };
		C14426672EB987930017C505 /* GetRoomsAvailables.swift */ = {isa = PBXFileReference; lastKnownFileType = sourcecode.swift; path = GetRoomsAvailables.swift; sourceTree = "<group>"; };
		C14426692EB99DF50017C505 /* Network.swift */ = {isa = PBXFileReference; lastKnownFileType = sourcecode.swift; path = Network.swift; sourceTree = "<group>"; };
		C144266B2EB99E1A0017C505 /* ApiResponse.swift */ = {isa = PBXFileReference; lastKnownFileType = sourcecode.swift; path = ApiResponse.swift; sourceTree = "<group>"; };
		C144266D2EB99FD20017C505 /* DependencyContainer.swift */ = {isa = PBXFileReference; lastKnownFileType = sourcecode.swift; path = DependencyContainer.swift; sourceTree = "<group>"; };
		C144266F2EB9A4F00017C505 /* TokenManager.swift */ = {isa = PBXFileReference; lastKnownFileType = sourcecode.swift; path = TokenManager.swift; sourceTree = "<group>"; };
/* End PBXFileReference section */

/* Begin PBXFrameworksBuildPhase section */
		C14426132EAD2F000017C505 /* Frameworks */ = {
			isa = PBXFrameworksBuildPhase;
			buildActionMask = 2147483647;
			files = (
			);
			runOnlyForDeploymentPostprocessing = 0;
		};
/* End PBXFrameworksBuildPhase section */

/* Begin PBXGroup section */
		C144260D2EAD2EFF0017C505 = {
			isa = PBXGroup;
			children = (
				C14426182EAD2F000017C505 /* Hotel */,
				C14426172EAD2F000017C505 /* Products */,
			);
			sourceTree = "<group>";
		};
		C14426172EAD2F000017C505 /* Products */ = {
			isa = PBXGroup;
			children = (
				C14426162EAD2F000017C505 /* Hotel.app */,
			);
			name = Products;
			sourceTree = "<group>";
		};
		C14426182EAD2F000017C505 /* Hotel */ = {
			isa = PBXGroup;
			children = (
				C144262E2EAD31390017C505 /* resources */,
				C144262D2EAD312F0017C505 /* shared */,
				C144262C2EAD31290017C505 /* data */,
				C144262B2EAD31200017C505 /* domain */,
				C14426272EAD30D40017C505 /* features */,
				C14426192EAD2F000017C505 /* HotelApp.swift */,
				C144261D2EAD2F000017C505 /* Assets.xcassets */,
				C144261F2EAD2F000017C505 /* Preview Content */,
			);
			path = Hotel;
			sourceTree = "<group>";
		};
		C144261F2EAD2F000017C505 /* Preview Content */ = {
			isa = PBXGroup;
			children = (
				C14426202EAD2F000017C505 /* Preview Assets.xcassets */,
			);
			path = "Preview Content";
			sourceTree = "<group>";
		};
		C14426272EAD30D40017C505 /* features */ = {
			isa = PBXGroup;
			children = (
				C14426422EB6B35B0017C505 /* profile */,
				C144262A2EAD30FD0017C505 /* reservations */,
				C14426292EAD30F40017C505 /* rooms */,
				C14426282EAD30EC0017C505 /* home */,
			);
			path = features;
			sourceTree = "<group>";
		};
		C14426282EAD30EC0017C505 /* home */ = {
			isa = PBXGroup;
			children = (
				C14426402EB6B2F00017C505 /* MainHomeView.swift */,
			);
			path = home;
			sourceTree = "<group>";
		};
		C14426292EAD30F40017C505 /* rooms */ = {
			isa = PBXGroup;
			children = (
			);
			path = rooms;
			sourceTree = "<group>";
		};
		C144262A2EAD30FD0017C505 /* reservations */ = {
			isa = PBXGroup;
			children = (
				C14426372EB27E510017C505 /* screens */,
			);
			path = reservations;
			sourceTree = "<group>";
		};
		C144262B2EAD31200017C505 /* domain */ = {
			isa = PBXGroup;
			children = (
				C14426592EB6FD490017C505 /* usecases */,
				C14426522EB6F69B0017C505 /* datasource */,
				C144264B2EB6F5700017C505 /* repository */,
				C144262F2EB27BF80017C505 /* Customer.swift */,
				C14426312EB27C3E0017C505 /* Reservation.swift */,
				C14426332EB27D610017C505 /* RoomHotel.swift */,
				C14426352EB27DDB0017C505 /* Profile.swift */,
			);
			path = domain;
			sourceTree = "<group>";
		};
		C144262C2EAD31290017C505 /* data */ = {
			isa = PBXGroup;
			children = (
				C14426642EB985340017C505 /* models */,
				C144265C2EB97CBD0017C505 /* RoomRemoteSourceImpl.swift */,
				C14426602EB97DBD0017C505 /* RoomRepositoryImpl.swift */,
			);
			path = data;
			sourceTree = "<group>";
		};
		C144262D2EAD312F0017C505 /* shared */ = {
			isa = PBXGroup;
			children = (
				C14426502EB6F60F0017C505 /* Failure.swift */,
				C14426692EB99DF50017C505 /* Network.swift */,
				C144266B2EB99E1A0017C505 /* ApiResponse.swift */,
				C144266D2EB99FD20017C505 /* DependencyContainer.swift */,
				C144266F2EB9A4F00017C505 /* TokenManager.swift */,
			);
			path = shared;
			sourceTree = "<group>";
		};
		C144262E2EAD31390017C505 /* resources */ = {
			isa = PBXGroup;
			children = (
			);
			path = resources;
			sourceTree = "<group>";
		};
		C14426372EB27E510017C505 /* screens */ = {
			isa = PBXGroup;
			children = (
				C14426382EB27E6A0017C505 /* ReservationView.swift */,
				C144263A2EB2849D0017C505 /* ReservationViewModel.swift */,
				C14426452EB6BD3D0017C505 /* RoomsAvailablesView.swift */,
				C14426472EB6BF090017C505 /* RoomsAvailableViewModel.swift */,
			);
			path = screens;
			sourceTree = "<group>";
		};
		C14426422EB6B35B0017C505 /* profile */ = {
			isa = PBXGroup;
			children = (
				C14426432EB6B3830017C505 /* ProfileView.swift */,
				C14426492EB6CE640017C505 /* ProfileViewModel.swift */,
			);
			path = profile;
			sourceTree = "<group>";
		};
		C144264B2EB6F5700017C505 /* repository */ = {
			isa = PBXGroup;
			children = (
				C144264C2EB6F5890017C505 /* ReservationsRepository.swift */,
				C14426622EB97DD90017C505 /* RoomRepository.swift */,
			);
			path = repository;
			sourceTree = "<group>";
		};
		C14426522EB6F69B0017C505 /* datasource */ = {
			isa = PBXGroup;
			children = (
				C144265E2EB97CD10017C505 /* RoomRemoteSource.swift */,
			);
			path = datasource;
			sourceTree = "<group>";
		};
		C14426592EB6FD490017C505 /* usecases */ = {
			isa = PBXGroup;
			children = (
				C14426572EB6FC5D0017C505 /* MakeReservationsUseCase.swift */,
				C14426672EB987930017C505 /* GetRoomsAvailables.swift */,
			);
			path = usecases;
			sourceTree = "<group>";
		};
		C14426642EB985340017C505 /* models */ = {
			isa = PBXGroup;
			children = (
				C14426652EB985430017C505 /* RoomApi.swift */,
			);
			path = models;
			sourceTree = "<group>";
		};
/* End PBXGroup section */

/* Begin PBXNativeTarget section */
		C14426152EAD2F000017C505 /* Hotel */ = {
			isa = PBXNativeTarget;
			buildConfigurationList = C14426242EAD2F000017C505 /* Build configuration list for PBXNativeTarget "Hotel" */;
			buildPhases = (
				C14426122EAD2F000017C505 /* Sources */,
				C14426132EAD2F000017C505 /* Frameworks */,
				C14426142EAD2F000017C505 /* Resources */,
			);
			buildRules = (
			);
			dependencies = (
			);
			name = Hotel;
			productName = Hotel;
			productReference = C14426162EAD2F000017C505 /* Hotel.app */;
			productType = "com.apple.product-type.application";
		};
/* End PBXNativeTarget section */

/* Begin PBXProject section */
		C144260E2EAD2EFF0017C505 /* Project object */ = {
			isa = PBXProject;
			attributes = {
				BuildIndependentTargetsInParallel = 1;
				LastSwiftUpdateCheck = 1530;
				LastUpgradeCheck = 1530;
				TargetAttributes = {
					C14426152EAD2F000017C505 = {
						CreatedOnToolsVersion = 15.3;
					};
				};
			};
			buildConfigurationList = C14426112EAD2EFF0017C505 /* Build configuration list for PBXProject "Hotel" */;
			compatibilityVersion = "Xcode 14.0";
			developmentRegion = en;
			hasScannedForEncodings = 0;
			knownRegions = (
				en,
				Base,
			);
			mainGroup = C144260D2EAD2EFF0017C505;
			productRefGroup = C14426172EAD2F000017C505 /* Products */;
			projectDirPath = "";
			projectRoot = "";
			targets = (
				C14426152EAD2F000017C505 /* Hotel */,
			);
		};
/* End PBXProject section */

/* Begin PBXResourcesBuildPhase section */
		C14426142EAD2F000017C505 /* Resources */ = {
			isa = PBXResourcesBuildPhase;
			buildActionMask = 2147483647;
			files = (
				C14426212EAD2F000017C505 /* Preview Assets.xcassets in Resources */,
				C144261E2EAD2F000017C505 /* Assets.xcassets in Resources */,
			);
			runOnlyForDeploymentPostprocessing = 0;
		};
/* End PBXResourcesBuildPhase section */

/* Begin PBXSourcesBuildPhase section */
		C14426122EAD2F000017C505 /* Sources */ = {
			isa = PBXSourcesBuildPhase;
			buildActionMask = 2147483647;
			files = (
				C144266A2EB99DF50017C505 /* Network.swift in Sources */,
				C14426482EB6BF090017C505 /* RoomsAvailableViewModel.swift in Sources */,
				C14426462EB6BD3D0017C505 /* RoomsAvailablesView.swift in Sources */,
				C14426302EB27BF80017C505 /* Customer.swift in Sources */,
				C14426362EB27DDB0017C505 /* Profile.swift in Sources */,
				C144266C2EB99E1A0017C505 /* ApiResponse.swift in Sources */,
				C14426442EB6B3830017C505 /* ProfileView.swift in Sources */,
				C14426392EB27E6A0017C505 /* ReservationView.swift in Sources */,
				C14426702EB9A4F00017C505 /* TokenManager.swift in Sources */,
				C144264A2EB6CE640017C505 /* ProfileViewModel.swift in Sources */,
				C144263B2EB2849D0017C505 /* ReservationViewModel.swift in Sources */,
				C14426582EB6FC5D0017C505 /* MakeReservationsUseCase.swift in Sources */,
				C14426682EB987930017C505 /* GetRoomsAvailables.swift in Sources */,
				C14426412EB6B2F00017C505 /* MainHomeView.swift in Sources */,
				C144266E2EB99FD20017C505 /* DependencyContainer.swift in Sources */,
				C144265F2EB97CD10017C505 /* RoomRemoteSource.swift in Sources */,
				C14426512EB6F60F0017C505 /* Failure.swift in Sources */,
				C144265D2EB97CBD0017C505 /* RoomRemoteSourceImpl.swift in Sources */,
				C14426612EB97DBD0017C505 /* RoomRepositoryImpl.swift in Sources */,
				C144264D2EB6F5890017C505 /* ReservationsRepository.swift in Sources */,
				C14426632EB97DD90017C505 /* RoomRepository.swift in Sources */,
				C14426322EB27C3E0017C505 /* Reservation.swift in Sources */,
				C144261A2EAD2F000017C505 /* HotelApp.swift in Sources */,
				C14426342EB27D610017C505 /* RoomHotel.swift in Sources */,
				C14426662EB985430017C505 /* RoomApi.swift in Sources */,
			);
			runOnlyForDeploymentPostprocessing = 0;
		};
/* End PBXSourcesBuildPhase section */

/* Begin XCBuildConfiguration section */
		C14426222EAD2F000017C505 /* Debug */ = {
			isa = XCBuildConfiguration;
			buildSettings = {
				ALWAYS_SEARCH_USER_PATHS = NO;
				ASSETCATALOG_COMPILER_GENERATE_SWIFT_ASSET_SYMBOL_EXTENSIONS = YES;
				CLANG_ANALYZER_NONNULL = YES;
				CLANG_ANALYZER_NUMBER_OBJECT_CONVERSION = YES_AGGRESSIVE;
				CLANG_CXX_LANGUAGE_STANDARD = "gnu++20";
				CLANG_ENABLE_MODULES = YES;
				CLANG_ENABLE_OBJC_ARC = YES;
				CLANG_ENABLE_OBJC_WEAK = YES;
				CLANG_WARN_BLOCK_CAPTURE_AUTORELEASING = YES;
				CLANG_WARN_BOOL_CONVERSION = YES;
				CLANG_WARN_COMMA = YES;
				CLANG_WARN_CONSTANT_CONVERSION = YES;
				CLANG_WARN_DEPRECATED_OBJC_IMPLEMENTATIONS = YES;
				CLANG_WARN_DIRECT_OBJC_ISA_USAGE = YES_ERROR;
				CLANG_WARN_DOCUMENTATION_COMMENTS = YES;
				CLANG_WARN_EMPTY_BODY = YES;
				CLANG_WARN_ENUM_CONVERSION = YES;
				CLANG_WARN_INFINITE_RECURSION = YES;
				CLANG_WARN_INT_CONVERSION = YES;
				CLANG_WARN_NON_LITERAL_NULL_CONVERSION = YES;
				CLANG_WARN_OBJC_IMPLICIT_RETAIN_SELF = YES;
				CLANG_WARN_OBJC_LITERAL_CONVERSION = YES;
				CLANG_WARN_OBJC_ROOT_CLASS = YES_ERROR;
				CLANG_WARN_QUOTED_INCLUDE_IN_FRAMEWORK_HEADER = YES;
				CLANG_WARN_RANGE_LOOP_ANALYSIS = YES;
				CLANG_WARN_STRICT_PROTOTYPES = YES;
				CLANG_WARN_SUSPICIOUS_MOVE = YES;
				CLANG_WARN_UNGUARDED_AVAILABILITY = YES_AGGRESSIVE;
				CLANG_WARN_UNREACHABLE_CODE = YES;
				CLANG_WARN__DUPLICATE_METHOD_MATCH = YES;
				COPY_PHASE_STRIP = NO;
				DEBUG_INFORMATION_FORMAT = dwarf;
				ENABLE_STRICT_OBJC_MSGSEND = YES;
				ENABLE_TESTABILITY = YES;
				ENABLE_USER_SCRIPT_SANDBOXING = YES;
				GCC_C_LANGUAGE_STANDARD = gnu17;
				GCC_DYNAMIC_NO_PIC = NO;
				GCC_NO_COMMON_BLOCKS = YES;
				GCC_OPTIMIZATION_LEVEL = 0;
				GCC_PREPROCESSOR_DEFINITIONS = (
					"DEBUG=1",
					"$(inherited)",
				);
				GCC_WARN_64_TO_32_BIT_CONVERSION = YES;
				GCC_WARN_ABOUT_RETURN_TYPE = YES_ERROR;
				GCC_WARN_UNDECLARED_SELECTOR = YES;
				GCC_WARN_UNINITIALIZED_AUTOS = YES_AGGRESSIVE;
				GCC_WARN_UNUSED_FUNCTION = YES;
				GCC_WARN_UNUSED_VARIABLE = YES;
				IPHONEOS_DEPLOYMENT_TARGET = 17.4;
				LOCALIZATION_PREFERS_STRING_CATALOGS = YES;
				MTL_ENABLE_DEBUG_INFO = INCLUDE_SOURCE;
				MTL_FAST_MATH = YES;
				ONLY_ACTIVE_ARCH = YES;
				SDKROOT = iphoneos;
				SWIFT_ACTIVE_COMPILATION_CONDITIONS = "DEBUG $(inherited)";
				SWIFT_OPTIMIZATION_LEVEL = "-Onone";
			};
			name = Debug;
		};
		C14426232EAD2F000017C505 /* Release */ = {
			isa = XCBuildConfiguration;
			buildSettings = {
				ALWAYS_SEARCH_USER_PATHS = NO;
				ASSETCATALOG_COMPILER_GENERATE_SWIFT_ASSET_SYMBOL_EXTENSIONS = YES;
				CLANG_ANALYZER_NONNULL = YES;
				CLANG_ANALYZER_NUMBER_OBJECT_CONVERSION = YES_AGGRESSIVE;
				CLANG_CXX_LANGUAGE_STANDARD = "gnu++20";
				CLANG_ENABLE_MODULES = YES;
				CLANG_ENABLE_OBJC_ARC = YES;
				CLANG_ENABLE_OBJC_WEAK = YES;
				CLANG_WARN_BLOCK_CAPTURE_AUTORELEASING = YES;
				CLANG_WARN_BOOL_CONVERSION = YES;
				CLANG_WARN_COMMA = YES;
				CLANG_WARN_CONSTANT_CONVERSION = YES;
				CLANG_WARN_DEPRECATED_OBJC_IMPLEMENTATIONS = YES;
				CLANG_WARN_DIRECT_OBJC_ISA_USAGE = YES_ERROR;
				CLANG_WARN_DOCUMENTATION_COMMENTS = YES;
				CLANG_WARN_EMPTY_BODY = YES;
				CLANG_WARN_ENUM_CONVERSION = YES;
				CLANG_WARN_INFINITE_RECURSION = YES;
				CLANG_WARN_INT_CONVERSION = YES;
				CLANG_WARN_NON_LITERAL_NULL_CONVERSION = YES;
				CLANG_WARN_OBJC_IMPLICIT_RETAIN_SELF = YES;
				CLANG_WARN_OBJC_LITERAL_CONVERSION = YES;
				CLANG_WARN_OBJC_ROOT_CLASS = YES_ERROR;
				CLANG_WARN_QUOTED_INCLUDE_IN_FRAMEWORK_HEADER = YES;
				CLANG_WARN_RANGE_LOOP_ANALYSIS = YES;
				CLANG_WARN_STRICT_PROTOTYPES = YES;
				CLANG_WARN_SUSPICIOUS_MOVE = YES;
				CLANG_WARN_UNGUARDED_AVAILABILITY = YES_AGGRESSIVE;
				CLANG_WARN_UNREACHABLE_CODE = YES;
				CLANG_WARN__DUPLICATE_METHOD_MATCH = YES;
				COPY_PHASE_STRIP = NO;
				DEBUG_INFORMATION_FORMAT = "dwarf-with-dsym";
				ENABLE_NS_ASSERTIONS = NO;
				ENABLE_STRICT_OBJC_MSGSEND = YES;
				ENABLE_USER_SCRIPT_SANDBOXING = YES;
				GCC_C_LANGUAGE_STANDARD = gnu17;
				GCC_NO_COMMON_BLOCKS = YES;
				GCC_WARN_64_TO_32_BIT_CONVERSION = YES;
				GCC_WARN_ABOUT_RETURN_TYPE = YES_ERROR;
				GCC_WARN_UNDECLARED_SELECTOR = YES;
				GCC_WARN_UNINITIALIZED_AUTOS = YES_AGGRESSIVE;
				GCC_WARN_UNUSED_FUNCTION = YES;
				GCC_WARN_UNUSED_VARIABLE = YES;
				IPHONEOS_DEPLOYMENT_TARGET = 17.4;
				LOCALIZATION_PREFERS_STRING_CATALOGS = YES;
				MTL_ENABLE_DEBUG_INFO = NO;
				MTL_FAST_MATH = YES;
				SDKROOT = iphoneos;
				SWIFT_COMPILATION_MODE = wholemodule;
				VALIDATE_PRODUCT = YES;
			};
			name = Release;
		};
		C14426252EAD2F000017C505 /* Debug */ = {
			isa = XCBuildConfiguration;
			buildSettings = {
				ASSETCATALOG_COMPILER_APPICON_NAME = AppIcon;
				ASSETCATALOG_COMPILER_GLOBAL_ACCENT_COLOR_NAME = AccentColor;
				CODE_SIGN_STYLE = Automatic;
				CURRENT_PROJECT_VERSION = 1;
				DEVELOPMENT_ASSET_PATHS = "\"Hotel/Preview Content\"";
				DEVELOPMENT_TEAM = XS2226ZF85;
				ENABLE_PREVIEWS = YES;
				GENERATE_INFOPLIST_FILE = YES;
				INFOPLIST_KEY_UIApplicationSceneManifest_Generation = YES;
				INFOPLIST_KEY_UIApplicationSupportsIndirectInputEvents = YES;
				INFOPLIST_KEY_UILaunchScreen_Generation = YES;
				INFOPLIST_KEY_UISupportedInterfaceOrientations_iPad = "UIInterfaceOrientationPortrait UIInterfaceOrientationPortraitUpsideDown UIInterfaceOrientationLandscapeLeft UIInterfaceOrientationLandscapeRight";
				INFOPLIST_KEY_UISupportedInterfaceOrientations_iPhone = "UIInterfaceOrientationPortrait UIInterfaceOrientationLandscapeLeft UIInterfaceOrientationLandscapeRight";
				LD_RUNPATH_SEARCH_PATHS = (
					"$(inherited)",
					"@executable_path/Frameworks",
				);
				MARKETING_VERSION = 1.0;
				PRODUCT_BUNDLE_IDENTIFIER = manuellugodev.Hotel;
				PRODUCT_NAME = "$(TARGET_NAME)";
				SWIFT_EMIT_LOC_STRINGS = YES;
				SWIFT_VERSION = 5.0;
				TARGETED_DEVICE_FAMILY = "1,2";
			};
			name = Debug;
		};
		C14426262EAD2F000017C505 /* Release */ = {
			isa = XCBuildConfiguration;
			buildSettings = {
				ASSETCATALOG_COMPILER_APPICON_NAME = AppIcon;
				ASSETCATALOG_COMPILER_GLOBAL_ACCENT_COLOR_NAME = AccentColor;
				CODE_SIGN_STYLE = Automatic;
				CURRENT_PROJECT_VERSION = 1;
				DEVELOPMENT_ASSET_PATHS = "\"Hotel/Preview Content\"";
				DEVELOPMENT_TEAM = XS2226ZF85;
				ENABLE_PREVIEWS = YES;
				GENERATE_INFOPLIST_FILE = YES;
				INFOPLIST_KEY_UIApplicationSceneManifest_Generation = YES;
				INFOPLIST_KEY_UIApplicationSupportsIndirectInputEvents = YES;
				INFOPLIST_KEY_UILaunchScreen_Generation = YES;
				INFOPLIST_KEY_UISupportedInterfaceOrientations_iPad = "UIInterfaceOrientationPortrait UIInterfaceOrientationPortraitUpsideDown UIInterfaceOrientationLandscapeLeft UIInterfaceOrientationLandscapeRight";
				INFOPLIST_KEY_UISupportedInterfaceOrientations_iPhone = "UIInterfaceOrientationPortrait UIInterfaceOrientationLandscapeLeft UIInterfaceOrientationLandscapeRight";
				LD_RUNPATH_SEARCH_PATHS = (
					"$(inherited)",
					"@executable_path/Frameworks",
				);
				MARKETING_VERSION = 1.0;
				PRODUCT_BUNDLE_IDENTIFIER = manuellugodev.Hotel;
				PRODUCT_NAME = "$(TARGET_NAME)";
				SWIFT_EMIT_LOC_STRINGS = YES;
				SWIFT_VERSION = 5.0;
				TARGETED_DEVICE_FAMILY = "1,2";
			};
			name = Release;
		};
/* End XCBuildConfiguration section */

/* Begin XCConfigurationList section */
		C14426112EAD2EFF0017C505 /* Build configuration list for PBXProject "Hotel" */ = {
			isa = XCConfigurationList;
			buildConfigurations = (
				C14426222EAD2F000017C505 /* Debug */,
				C14426232EAD2F000017C505 /* Release */,
			);
			defaultConfigurationIsVisible = 0;
			defaultConfigurationName = Release;
		};
		C14426242EAD2F000017C505 /* Build configuration list for PBXNativeTarget "Hotel" */ = {
			isa = XCConfigurationList;
			buildConfigurations = (
				C14426252EAD2F000017C505 /* Debug */,
				C14426262EAD2F000017C505 /* Release */,
			);
			defaultConfigurationIsVisible = 0;
			defaultConfigurationName = Release;
		};
/* End XCConfigurationList section */
	};
	rootObject = C144260E2EAD2EFF0017C505 /* Project object */;
}
